// !$*UTF8*$!
{
	archiveVersion = 1;
	classes = {
	};
	objectVersion = 50;
	objects = {

/* Begin PBXBuildFile section */
		30159CB12433C70F0030B05C /* images in Resources */ = {isa = PBXBuildFile; fileRef = 30159CB02433C70E0030B05C /* images */; };
		30159CB32433DBDA0030B05C /* buttonsound.wav in Resources */ = {isa = PBXBuildFile; fileRef = 30159CB22433DBD90030B05C /* buttonsound.wav */; };
		303AB64624283CE1002695BC /* sol-searching-landpage.jpg in Resources */ = {isa = PBXBuildFile; fileRef = 303AB64524283CE1002695BC /* sol-searching-landpage.jpg */; };
		303AB64A24294245002695BC /* sol-objects.swift in Sources */ = {isa = PBXBuildFile; fileRef = 303AB64924294245002695BC /* sol-objects.swift */; };
		30EE7C7824197168008E2401 /* AppDelegate.swift in Sources */ = {isa = PBXBuildFile; fileRef = 30EE7C7724197168008E2401 /* AppDelegate.swift */; };
		30EE7C7A24197168008E2401 /* SceneDelegate.swift in Sources */ = {isa = PBXBuildFile; fileRef = 30EE7C7924197168008E2401 /* SceneDelegate.swift */; };
		30EE7C7C24197168008E2401 /* ViewController.swift in Sources */ = {isa = PBXBuildFile; fileRef = 30EE7C7B24197168008E2401 /* ViewController.swift */; };
		30EE7C7F24197168008E2401 /* Main.storyboard in Resources */ = {isa = PBXBuildFile; fileRef = 30EE7C7D24197168008E2401 /* Main.storyboard */; };
		30EE7C812419716D008E2401 /* Assets.xcassets in Resources */ = {isa = PBXBuildFile; fileRef = 30EE7C802419716D008E2401 /* Assets.xcassets */; };
		30EE7C842419716D008E2401 /* LaunchScreen.storyboard in Resources */ = {isa = PBXBuildFile; fileRef = 30EE7C822419716D008E2401 /* LaunchScreen.storyboard */; };
/* End PBXBuildFile section */

/* Begin PBXFileReference section */
		30159CB02433C70E0030B05C /* images */ = {isa = PBXFileReference; lastKnownFileType = folder; path = images; sourceTree = "<group>"; };
		30159CB22433DBD90030B05C /* buttonsound.wav */ = {isa = PBXFileReference; lastKnownFileType = audio.wav; path = buttonsound.wav; sourceTree = "<group>"; };
		303AB64524283CE1002695BC /* sol-searching-landpage.jpg */ = {isa = PBXFileReference; lastKnownFileType = image.jpeg; path = "sol-searching-landpage.jpg"; sourceTree = "<group>"; };
		303AB64924294245002695BC /* sol-objects.swift */ = {isa = PBXFileReference; lastKnownFileType = sourcecode.swift; path = "sol-objects.swift"; sourceTree = "<group>"; };
		30EE7C7424197168008E2401 /* sol-searching.app */ = {isa = PBXFileReference; explicitFileType = wrapper.application; includeInIndex = 0; path = "sol-searching.app"; sourceTree = BUILT_PRODUCTS_DIR; };
		30EE7C7724197168008E2401 /* AppDelegate.swift */ = {isa = PBXFileReference; lastKnownFileType = sourcecode.swift; path = AppDelegate.swift; sourceTree = "<group>"; };
		30EE7C7924197168008E2401 /* SceneDelegate.swift */ = {isa = PBXFileReference; lastKnownFileType = sourcecode.swift; path = SceneDelegate.swift; sourceTree = "<group>"; };
		30EE7C7B24197168008E2401 /* ViewController.swift */ = {isa = PBXFileReference; lastKnownFileType = sourcecode.swift; path = ViewController.swift; sourceTree = "<group>"; };
		30EE7C7E24197168008E2401 /* Base */ = {isa = PBXFileReference; lastKnownFileType = file.storyboard; name = Base; path = Base.lproj/Main.storyboard; sourceTree = "<group>"; };
		30EE7C802419716D008E2401 /* Assets.xcassets */ = {isa = PBXFileReference; lastKnownFileType = folder.assetcatalog; path = Assets.xcassets; sourceTree = "<group>"; };
		30EE7C832419716D008E2401 /* Base */ = {isa = PBXFileReference; lastKnownFileType = file.storyboard; name = Base; path = Base.lproj/LaunchScreen.storyboard; sourceTree = "<group>"; };
		30EE7C852419716D008E2401 /* Info.plist */ = {isa = PBXFileReference; lastKnownFileType = text.plist.xml; path = Info.plist; sourceTree = "<group>"; };
/* End PBXFileReference section */

/* Begin PBXFrameworksBuildPhase section */
		30EE7C7124197168008E2401 /* Frameworks */ = {
			isa = PBXFrameworksBuildPhase;
			buildActionMask = 2147483647;
			files = (
			);
			runOnlyForDeploymentPostprocessing = 0;
		};
/* End PBXFrameworksBuildPhase section */

/* Begin PBXGroup section */
		30EE7C6B24197168008E2401 = {
			isa = PBXGroup;
			children = (
				30EE7C7624197168008E2401 /* sol-searching */,
				30EE7C7524197168008E2401 /* Products */,
			);
			sourceTree = "<group>";
		};
		30EE7C7524197168008E2401 /* Products */ = {
			isa = PBXGroup;
			children = (
				30EE7C7424197168008E2401 /* sol-searching.app */,
			);
			name = Products;
			sourceTree = "<group>";
		};
		30EE7C7624197168008E2401 /* sol-searching */ = {
			isa = PBXGroup;
			children = (
				30159CB22433DBD90030B05C /* buttonsound.wav */,
				30159CB02433C70E0030B05C /* images */,
				303AB64524283CE1002695BC /* sol-searching-landpage.jpg */,
				30EE7C7724197168008E2401 /* AppDelegate.swift */,
				30EE7C7924197168008E2401 /* SceneDelegate.swift */,
				30EE7C7B24197168008E2401 /* ViewController.swift */,
				30EE7C7D24197168008E2401 /* Main.storyboard */,
				30EE7C802419716D008E2401 /* Assets.xcassets */,
				30EE7C822419716D008E2401 /* LaunchScreen.storyboard */,
				30EE7C852419716D008E2401 /* Info.plist */,
				303AB64924294245002695BC /* sol-objects.swift */,
			);
			path = "sol-searching";
			sourceTree = "<group>";
		};
/* End PBXGroup section */

/* Begin PBXNativeTarget section */
		30EE7C7324197168008E2401 /* sol-searching */ = {
			isa = PBXNativeTarget;
			buildConfigurationList = 30EE7C882419716D008E2401 /* Build configuration list for PBXNativeTarget "sol-searching" */;
			buildPhases = (
				30EE7C7024197168008E2401 /* Sources */,
				30EE7C7124197168008E2401 /* Frameworks */,
				30EE7C7224197168008E2401 /* Resources */,
			);
			buildRules = (
			);
			dependencies = (
			);
			name = "sol-searching";
			productName = "sol-searching";
			productReference = 30EE7C7424197168008E2401 /* sol-searching.app */;
			productType = "com.apple.product-type.application";
		};
/* End PBXNativeTarget section */

/* Begin PBXProject section */
		30EE7C6C24197168008E2401 /* Project object */ = {
			isa = PBXProject;
			attributes = {
				LastSwiftUpdateCheck = 1130;
				LastUpgradeCheck = 1130;
				ORGANIZATIONNAME = dlee100;
				TargetAttributes = {
					30EE7C7324197168008E2401 = {
						CreatedOnToolsVersion = 11.3.1;
					};
				};
			};
			buildConfigurationList = 30EE7C6F24197168008E2401 /* Build configuration list for PBXProject "sol-searching" */;
			compatibilityVersion = "Xcode 9.3";
			developmentRegion = en;
			hasScannedForEncodings = 0;
			knownRegions = (
				en,
				Base,
			);
			mainGroup = 30EE7C6B24197168008E2401;
			productRefGroup = 30EE7C7524197168008E2401 /* Products */;
			projectDirPath = "";
			projectRoot = "";
			targets = (
				30EE7C7324197168008E2401 /* sol-searching */,
			);
		};
/* End PBXProject section */

/* Begin PBXResourcesBuildPhase section */
		30EE7C7224197168008E2401 /* Resources */ = {
			isa = PBXResourcesBuildPhase;
			buildActionMask = 2147483647;
			files = (
				30EE7C842419716D008E2401 /* LaunchScreen.storyboard in Resources */,
				303AB64624283CE1002695BC /* sol-searching-landpage.jpg in Resources */,
				30159CB32433DBDA0030B05C /* buttonsound.wav in Resources */,
				30159CB12433C70F0030B05C /* images in Resources */,
				30EE7C812419716D008E2401 /* Assets.xcassets in Resources */,
				30EE7C7F24197168008E2401 /* Main.storyboard in Resources */,
			);
			runOnlyForDeploymentPostprocessing = 0;
		};
/* End PBXResourcesBuildPhase section */

/* Begin PBXSourcesBuildPhase section */
		30EE7C7024197168008E2401 /* Sources */ = {
			isa = PBXSourcesBuildPhase;
			buildActionMask = 2147483647;
			files = (
				30EE7C7C24197168008E2401 /* ViewController.swift in Sources */,
				303AB64A24294245002695BC /* sol-objects.swift in Sources */,
				30EE7C7824197168008E2401 /* AppDelegate.swift in Sources */,
				30EE7C7A24197168008E2401 /* SceneDelegate.swift in Sources */,
			);
			runOnlyForDeploymentPostprocessing = 0;
		};
/* End PBXSourcesBuildPhase section */

/* Begin PBXVariantGroup section */
		30EE7C7D24197168008E2401 /* Main.storyboard */ = {
			isa = PBXVariantGroup;
			children = (
				30EE7C7E24197168008E2401 /* Base */,
			);
			name = Main.storyboard;
			sourceTree = "<group>";
		};
		30EE7C822419716D008E2401 /* LaunchScreen.storyboard */ = {
			isa = PBXVariantGroup;
			children = (
				30EE7C832419716D008E2401 /* Base */,
			);
			name = LaunchScreen.storyboard;
			sourceTree = "<group>";
		};
/* End PBXVariantGroup section */

/* Begin XCBuildConfiguration section */
		30EE7C862419716D008E2401 /* Debug */ = {
			isa = XCBuildConfiguration;
			buildSettings = {
				ALWAYS_SEARCH_USER_PATHS = NO;
				CLANG_ANALYZER_NONNULL = YES;
				CLANG_ANALYZER_NUMBER_OBJECT_CONVERSION = YES_AGGRESSIVE;
				CLANG_CXX_LANGUAGE_STANDARD = "gnu++14";
				CLANG_CXX_LIBRARY = "libc++";
				CLANG_ENABLE_MODULES = YES;
				CLANG_ENABLE_OBJC_ARC = YES;
				CLANG_ENABLE_OBJC_WEAK = YES;
				CLANG_WARN_BLOCK_CAPTURE_AUTORELEASING = YES;
				CLANG_WARN_BOOL_CONVERSION = YES;
				CLANG_WARN_COMMA = YES;
				CLANG_WARN_CONSTANT_CONVERSION = YES;
				CLANG_WARN_DEPRECATED_OBJC_IMPLEMENTATIONS = YES;
				CLANG_WARN_DIRECT_OBJC_ISA_USAGE = YES_ERROR;
				CLANG_WARN_DOCUMENTATION_COMMENTS = YES;
				CLANG_WARN_EMPTY_BODY = YES;
				CLANG_WARN_ENUM_CONVERSION = YES;
				CLANG_WARN_INFINITE_RECURSION = YES;
				CLANG_WARN_INT_CONVERSION = YES;
				CLANG_WARN_NON_LITERAL_NULL_CONVERSION = YES;
				CLANG_WARN_OBJC_IMPLICIT_RETAIN_SELF = YES;
				CLANG_WARN_OBJC_LITERAL_CONVERSION = YES;
				CLANG_WARN_OBJC_ROOT_CLASS = YES_ERROR;
				CLANG_WARN_RANGE_LOOP_ANALYSIS = YES;
				CLANG_WARN_STRICT_PROTOTYPES = YES;
				CLANG_WARN_SUSPICIOUS_MOVE = YES;
				CLANG_WARN_UNGUARDED_AVAILABILITY = YES_AGGRESSIVE;
				CLANG_WARN_UNREACHABLE_CODE = YES;
				CLANG_WARN__DUPLICATE_METHOD_MATCH = YES;
				COPY_PHASE_STRIP = NO;
				DEBUG_INFORMATION_FORMAT = dwarf;
				ENABLE_STRICT_OBJC_MSGSEND = YES;
				ENABLE_TESTABILITY = YES;
				GCC_C_LANGUAGE_STANDARD = gnu11;
				GCC_DYNAMIC_NO_PIC = NO;
				GCC_NO_COMMON_BLOCKS = YES;
				GCC_OPTIMIZATION_LEVEL = 0;
				GCC_PREPROCESSOR_DEFINITIONS = (
					"DEBUG=1",
					"$(inherited)",
				);
				GCC_WARN_64_TO_32_BIT_CONVERSION = YES;
				GCC_WARN_ABOUT_RETURN_TYPE = YES_ERROR;
				GCC_WARN_UNDECLARED_SELECTOR = YES;
				GCC_WARN_UNINITIALIZED_AUTOS = YES_AGGRESSIVE;
				GCC_WARN_UNUSED_FUNCTION = YES;
				GCC_WARN_UNUSED_VARIABLE = YES;
				IPHONEOS_DEPLOYMENT_TARGET = 13.2;
				MTL_ENABLE_DEBUG_INFO = INCLUDE_SOURCE;
				MTL_FAST_MATH = YES;
				ONLY_ACTIVE_ARCH = YES;
				SDKROOT = iphoneos;
				SWIFT_ACTIVE_COMPILATION_CONDITIONS = DEBUG;
				SWIFT_OPTIMIZATION_LEVEL = "-Onone";
			};
			name = Debug;
		};
		30EE7C872419716D008E2401 /* Release */ = {
			isa = XCBuildConfiguration;
			buildSettings = {
				ALWAYS_SEARCH_USER_PATHS = NO;
				CLANG_ANALYZER_NONNULL = YES;
				CLANG_ANALYZER_NUMBER_OBJECT_CONVERSION = YES_AGGRESSIVE;
				CLANG_CXX_LANGUAGE_STANDARD = "gnu++14";
				CLANG_CXX_LIBRARY = "libc++";
				CLANG_ENABLE_MODULES = YES;
				CLANG_ENABLE_OBJC_ARC = YES;
				CLANG_ENABLE_OBJC_WEAK = YES;
				CLANG_WARN_BLOCK_CAPTURE_AUTORELEASING = YES;
				CLANG_WARN_BOOL_CONVERSION = YES;
				CLANG_WARN_COMMA = YES;
				CLANG_WARN_CONSTANT_CONVERSION = YES;
				CLANG_WARN_DEPRECATED_OBJC_IMPLEMENTATIONS = YES;
				CLANG_WARN_DIRECT_OBJC_ISA_USAGE = YES_ERROR;
				CLANG_WARN_DOCUMENTATION_COMMENTS = YES;
				CLANG_WARN_EMPTY_BODY = YES;
				CLANG_WARN_ENUM_CONVERSION = YES;
				CLANG_WARN_INFINITE_RECURSION = YES;
				CLANG_WARN_INT_CONVERSION = YES;
				CLANG_WARN_NON_LITERAL_NULL_CONVERSION = YES;
				CLANG_WARN_OBJC_IMPLICIT_RETAIN_SELF = YES;
				CLANG_WARN_OBJC_LITERAL_CONVERSION = YES;
				CLANG_WARN_OBJC_ROOT_CLASS = YES_ERROR;
				CLANG_WARN_RANGE_LOOP_ANALYSIS = YES;
				CLANG_WARN_STRICT_PROTOTYPES = YES;
				CLANG_WARN_SUSPICIOUS_MOVE = YES;
				CLANG_WARN_UNGUARDED_AVAILABILITY = YES_AGGRESSIVE;
				CLANG_WARN_UNREACHABLE_CODE = YES;
				CLANG_WARN__DUPLICATE_METHOD_MATCH = YES;
				COPY_PHASE_STRIP = NO;
				DEBUG_INFORMATION_FORMAT = "dwarf-with-dsym";
				ENABLE_NS_ASSERTIONS = NO;
				ENABLE_STRICT_OBJC_MSGSEND = YES;
				GCC_C_LANGUAGE_STANDARD = gnu11;
				GCC_NO_COMMON_BLOCKS = YES;
				GCC_WARN_64_TO_32_BIT_CONVERSION = YES;
				GCC_WARN_ABOUT_RETURN_TYPE = YES_ERROR;
				GCC_WARN_UNDECLARED_SELECTOR = YES;
				GCC_WARN_UNINITIALIZED_AUTOS = YES_AGGRESSIVE;
				GCC_WARN_UNUSED_FUNCTION = YES;
				GCC_WARN_UNUSED_VARIABLE = YES;
				IPHONEOS_DEPLOYMENT_TARGET = 13.2;
				MTL_ENABLE_DEBUG_INFO = NO;
				MTL_FAST_MATH = YES;
				SDKROOT = iphoneos;
				SWIFT_COMPILATION_MODE = wholemodule;
				SWIFT_OPTIMIZATION_LEVEL = "-O";
				VALIDATE_PRODUCT = YES;
			};
			name = Release;
		};
		30EE7C892419716D008E2401 /* Debug */ = {
			isa = XCBuildConfiguration;
			buildSettings = {
				ASSETCATALOG_COMPILER_APPICON_NAME = AppIcon;
				CODE_SIGN_STYLE = Automatic;
				DEVELOPMENT_TEAM = 2HJY7RWTZX;
				INFOPLIST_FILE = "sol-searching/Info.plist";
				LD_RUNPATH_SEARCH_PATHS = (
					"$(inherited)",
					"@executable_path/Frameworks",
				);
				PRODUCT_BUNDLE_IDENTIFIER = "dlee100.sol-searching";
				PRODUCT_NAME = "$(TARGET_NAME)";
				SWIFT_VERSION = 5.0;
				TARGETED_DEVICE_FAMILY = "1,2";
			};
			name = Debug;
		};
		30EE7C8A2419716D008E2401 /* Release */ = {
			isa = XCBuildConfiguration;
			buildSettings = {
				ASSETCATALOG_COMPILER_APPICON_NAME = AppIcon;
				CODE_SIGN_STYLE = Automatic;
				DEVELOPMENT_TEAM = 2HJY7RWTZX;
				INFOPLIST_FILE = "sol-searching/Info.plist";
				LD_RUNPATH_SEARCH_PATHS = (
					"$(inherited)",
					"@executable_path/Frameworks",
				);
				PRODUCT_BUNDLE_IDENTIFIER = "dlee100.sol-searching";
				PRODUCT_NAME = "$(TARGET_NAME)";
				SWIFT_VERSION = 5.0;
				TARGETED_DEVICE_FAMILY = "1,2";
			};
			name = Release;
		};
/* End XCBuildConfiguration section */

/* Begin XCConfigurationList section */
		30EE7C6F24197168008E2401 /* Build configuration list for PBXProject "sol-searching" */ = {
			isa = XCConfigurationList;
			buildConfigurations = (
				30EE7C862419716D008E2401 /* Debug */,
				30EE7C872419716D008E2401 /* Release */,
			);
			defaultConfigurationIsVisible = 0;
			defaultConfigurationName = Release;
		};
		30EE7C882419716D008E2401 /* Build configuration list for PBXNativeTarget "sol-searching" */ = {
			isa = XCConfigurationList;
			buildConfigurations = (
				30EE7C892419716D008E2401 /* Debug */,
				30EE7C8A2419716D008E2401 /* Release */,
			);
			defaultConfigurationIsVisible = 0;
			defaultConfigurationName = Release;
		};
/* End XCConfigurationList section */
	};
	rootObject = 30EE7C6C24197168008E2401 /* Project object */;
}
